
Microsoft Visual Studio Solution File, Format Version 12.00
# Visual Studio Version 17
VisualStudioVersion = 17.4.33205.214
MinimumVisualStudioVersion = 10.0.40219.1
Project("{FAE04EC0-301F-11D3-BF4B-00C04F79EFBC}") = "TDF", "TDF.csproj", "{7A6384FA-007F-4118-A61E-32DC7AE602CA}"
EndProject
Project("{FAE04EC0-301F-11D3-BF4B-00C04F79EFBC}") = "NotificationHubLibrary", "..\SignalRServer\Server\NotificationHubLibrary.csproj", "{A67121DA-FC2D-4AED-A5AC-0FC869BD0289}"
EndProject
Project("{FAE04EC0-301F-11D3-BF4B-00C04F79EFBC}") = "NotificationServerHost", "..\NotificationServerHost\NotificationServerHost.csproj", "{561137C4-389E-4613-8028-B23E007056DE}"
EndProject
Global
	GlobalSection(SolutionConfigurationPlatforms) = preSolution
		Debug|Any CPU = Debug|Any CPU
		Release|Any CPU = Release|Any CPU
	EndGlobalSection
	GlobalSection(ProjectConfigurationPlatforms) = postSolution
		{7A6384FA-007F-4118-A61E-32DC7AE602CA}.Debug|Any CPU.ActiveCfg = Debug|Any CPU
		{7A6384FA-007F-4118-A61E-32DC7AE602CA}.Debug|Any CPU.Build.0 = Debug|Any CPU
		{7A6384FA-007F-4118-A61E-32DC7AE602CA}.Release|Any CPU.ActiveCfg = Release|Any CPU
		{7A6384FA-007F-4118-A61E-32DC7AE602CA}.Release|Any CPU.Build.0 = Release|Any CPU
		{A67121DA-FC2D-4AED-A5AC-0FC869BD0289}.Debug|Any CPU.ActiveCfg = Debug|Any CPU
		{A67121DA-FC2D-4AED-A5AC-0FC869BD0289}.Debug|Any CPU.Build.0 = Debug|Any CPU
		{A67121DA-FC2D-4AED-A5AC-0FC869BD0289}.Release|Any CPU.ActiveCfg = Release|Any CPU
		{A67121DA-FC2D-4AED-A5AC-0FC869BD0289}.Release|Any CPU.Build.0 = Release|Any CPU
		{561137C4-389E-4613-8028-B23E007056DE}.Debug|Any CPU.ActiveCfg = Debug|Any CPU
		{561137C4-389E-4613-8028-B23E007056DE}.Debug|Any CPU.Build.0 = Debug|Any CPU
		{561137C4-389E-4613-8028-B23E007056DE}.Release|Any CPU.ActiveCfg = Release|Any CPU
		{561137C4-389E-4613-8028-B23E007056DE}.Release|Any CPU.Build.0 = Release|Any CPU
	EndGlobalSection
	GlobalSection(SolutionProperties) = preSolution
		HideSolutionNode = FALSE
	EndGlobalSection
	GlobalSection(ExtensibilityGlobals) = postSolution
		SolutionGuid = {3AA7C702-7961-4D56-9B73-7AF2C4887E37}
	EndGlobalSection
EndGlobal
